
Microsoft Visual Studio Solution File, Format Version 12.00
# Visual Studio Version 16
VisualStudioVersion = 16.0.30907.101
MinimumVisualStudioVersion = 10.0.40219.1
Project("{9A19103F-16F7-4668-BE54-9A1E7A4F7556}") = "SAPHub.ApiEndpoint", "src\SAPHub.ApiEndpoint\SAPHub.ApiEndpoint.csproj", "{264202E3-98BB-484F-B154-F1071C1B7EAA}"
EndProject
Project("{9A19103F-16F7-4668-BE54-9A1E7A4F7556}") = "SAPHub.ApiModule", "src\SAPHub.ApiModule\SAPHub.ApiModule.csproj", "{32D2D026-1C94-493B-A90E-03E44664F4D5}"
EndProject
Project("{2150E333-8FDC-42A3-9474-1A3956D46DE8}") = "Solution Items", "Solution Items", "{C2F1AB14-60CB-49EC-83F6-3E875152ABB9}"
EndProject
Project("{9A19103F-16F7-4668-BE54-9A1E7A4F7556}") = "SAPHub.Server", "src\SAPHub.Server\SAPHub.Server.csproj", "{DED7FCA9-CBFD-4C71-966F-C8573BE660DB}"
EndProject
Project("{9A19103F-16F7-4668-BE54-9A1E7A4F7556}") = "SAPHub.StateDb", "src\SAPHub.StateDb\SAPHub.StateDb.csproj", "{51F32F35-6208-41CF-9F3A-B226EC4014A5}"
EndProject
Project("{2150E333-8FDC-42A3-9474-1A3956D46DE8}") = "Apps", "Apps", "{B1085F6C-CABF-4C45-B0B8-C7C804CAFE8D}"
EndProject
Project("{2150E333-8FDC-42A3-9474-1A3956D46DE8}") = "Modules", "Modules", "{8F19D269-5625-4894-93A9-1A100D2F7CFF}"
EndProject
Project("{9A19103F-16F7-4668-BE54-9A1E7A4F7556}") = "SAPHub.Common", "src\SAPHub.Common\SAPHub.Common.csproj", "{984BBF99-C232-4279-9224-66B932AC1F75}"
EndProject
Project("{9A19103F-16F7-4668-BE54-9A1E7A4F7556}") = "SAPHub.MessageBus", "src\SAPHub.MessageBus\SAPHub.MessageBus.csproj", "{85D6E3C3-189C-492D-B63C-B61605FEDB77}"
EndProject
Project("{E53339B2-1760-4266-BCC7-CA923CBCF16C}") = "docker-compose", "docker-compose.dcproj", "{7DB68ADD-4D0D-407D-9049-879E1CEC25C4}"
EndProject
Project("{9A19103F-16F7-4668-BE54-9A1E7A4F7556}") = "SAPHub.SAPConnector", "src\SAPHub.SAPConnector\SAPHub.SAPConnector.csproj", "{AAAFC69D-BA5C-4BCB-A7FC-093DC65BDFC5}"
EndProject
Project("{9A19103F-16F7-4668-BE54-9A1E7A4F7556}") = "SAPHub.ConnectorModule", "src\SAPHub.ConnectorModule\SAPHub.ConnectorModule.csproj", "{62D69A6F-9E25-4FDE-94BD-6CEE372A5925}"
EndProject
Project("{9A19103F-16F7-4668-BE54-9A1E7A4F7556}") = "SAPHub.UIModule.Shared", "src\SAPHub.UIModule.Shared\SAPHub.UIModule.Shared.csproj", "{BB3E3E8D-EA5D-47CA-ABE2-E394943A9DA7}"
EndProject
Project("{9A19103F-16F7-4668-BE54-9A1E7A4F7556}") = "SAPHub.UIModule.Client", "src\SAPHub.UIModule.Client\SAPHub.UIModule.Client.csproj", "{0A7023D5-55EC-4FC2-91C4-FCD46BE687F0}"
EndProject
Project("{9A19103F-16F7-4668-BE54-9A1E7A4F7556}") = "SAPHub.UIModule", "src\SAPHub.UIModule\SAPHub.UIModule.csproj", "{A3C0CA3A-5E37-4831-AAC2-681849DA44A0}"
EndProject
Project("{FAE04EC0-301F-11D3-BF4B-00C04F79EFBC}") = "SAPHub.UI", "src\SAPHub.UI\SAPHub.UI.csproj", "{D848759F-73F2-428C-B138-EE945E8E7687}"
EndProject
Global
	GlobalSection(SolutionConfigurationPlatforms) = preSolution
		Debug|Any CPU = Debug|Any CPU
		Release|Any CPU = Release|Any CPU
	EndGlobalSection
	GlobalSection(ProjectConfigurationPlatforms) = postSolution
		{264202E3-98BB-484F-B154-F1071C1B7EAA}.Debug|Any CPU.ActiveCfg = Debug|Any CPU
		{264202E3-98BB-484F-B154-F1071C1B7EAA}.Debug|Any CPU.Build.0 = Debug|Any CPU
		{264202E3-98BB-484F-B154-F1071C1B7EAA}.Release|Any CPU.ActiveCfg = Release|Any CPU
		{264202E3-98BB-484F-B154-F1071C1B7EAA}.Release|Any CPU.Build.0 = Release|Any CPU
		{32D2D026-1C94-493B-A90E-03E44664F4D5}.Debug|Any CPU.ActiveCfg = Debug|Any CPU
		{32D2D026-1C94-493B-A90E-03E44664F4D5}.Debug|Any CPU.Build.0 = Debug|Any CPU
		{32D2D026-1C94-493B-A90E-03E44664F4D5}.Release|Any CPU.ActiveCfg = Release|Any CPU
		{32D2D026-1C94-493B-A90E-03E44664F4D5}.Release|Any CPU.Build.0 = Release|Any CPU
		{DED7FCA9-CBFD-4C71-966F-C8573BE660DB}.Debug|Any CPU.ActiveCfg = Debug|Any CPU
		{DED7FCA9-CBFD-4C71-966F-C8573BE660DB}.Debug|Any CPU.Build.0 = Debug|Any CPU
		{DED7FCA9-CBFD-4C71-966F-C8573BE660DB}.Release|Any CPU.ActiveCfg = Release|Any CPU
		{DED7FCA9-CBFD-4C71-966F-C8573BE660DB}.Release|Any CPU.Build.0 = Release|Any CPU
		{51F32F35-6208-41CF-9F3A-B226EC4014A5}.Debug|Any CPU.ActiveCfg = Debug|Any CPU
		{51F32F35-6208-41CF-9F3A-B226EC4014A5}.Debug|Any CPU.Build.0 = Debug|Any CPU
		{51F32F35-6208-41CF-9F3A-B226EC4014A5}.Release|Any CPU.ActiveCfg = Release|Any CPU
		{51F32F35-6208-41CF-9F3A-B226EC4014A5}.Release|Any CPU.Build.0 = Release|Any CPU
		{984BBF99-C232-4279-9224-66B932AC1F75}.Debug|Any CPU.ActiveCfg = Debug|Any CPU
		{984BBF99-C232-4279-9224-66B932AC1F75}.Debug|Any CPU.Build.0 = Debug|Any CPU
		{984BBF99-C232-4279-9224-66B932AC1F75}.Release|Any CPU.ActiveCfg = Release|Any CPU
		{984BBF99-C232-4279-9224-66B932AC1F75}.Release|Any CPU.Build.0 = Release|Any CPU
		{85D6E3C3-189C-492D-B63C-B61605FEDB77}.Debug|Any CPU.ActiveCfg = Debug|Any CPU
		{85D6E3C3-189C-492D-B63C-B61605FEDB77}.Debug|Any CPU.Build.0 = Debug|Any CPU
		{85D6E3C3-189C-492D-B63C-B61605FEDB77}.Release|Any CPU.ActiveCfg = Release|Any CPU
		{85D6E3C3-189C-492D-B63C-B61605FEDB77}.Release|Any CPU.Build.0 = Release|Any CPU
		{7DB68ADD-4D0D-407D-9049-879E1CEC25C4}.Debug|Any CPU.ActiveCfg = Debug|Any CPU
		{7DB68ADD-4D0D-407D-9049-879E1CEC25C4}.Debug|Any CPU.Build.0 = Debug|Any CPU
		{7DB68ADD-4D0D-407D-9049-879E1CEC25C4}.Release|Any CPU.ActiveCfg = Release|Any CPU
		{7DB68ADD-4D0D-407D-9049-879E1CEC25C4}.Release|Any CPU.Build.0 = Release|Any CPU
		{AAAFC69D-BA5C-4BCB-A7FC-093DC65BDFC5}.Debug|Any CPU.ActiveCfg = Debug|Any CPU
		{AAAFC69D-BA5C-4BCB-A7FC-093DC65BDFC5}.Debug|Any CPU.Build.0 = Debug|Any CPU
		{AAAFC69D-BA5C-4BCB-A7FC-093DC65BDFC5}.Release|Any CPU.ActiveCfg = Release|Any CPU
		{AAAFC69D-BA5C-4BCB-A7FC-093DC65BDFC5}.Release|Any CPU.Build.0 = Release|Any CPU
		{62D69A6F-9E25-4FDE-94BD-6CEE372A5925}.Debug|Any CPU.ActiveCfg = Debug|Any CPU
		{62D69A6F-9E25-4FDE-94BD-6CEE372A5925}.Debug|Any CPU.Build.0 = Debug|Any CPU
		{62D69A6F-9E25-4FDE-94BD-6CEE372A5925}.Release|Any CPU.ActiveCfg = Release|Any CPU
		{62D69A6F-9E25-4FDE-94BD-6CEE372A5925}.Release|Any CPU.Build.0 = Release|Any CPU
		{BB3E3E8D-EA5D-47CA-ABE2-E394943A9DA7}.Debug|Any CPU.ActiveCfg = Debug|Any CPU
		{BB3E3E8D-EA5D-47CA-ABE2-E394943A9DA7}.Debug|Any CPU.Build.0 = Debug|Any CPU
		{BB3E3E8D-EA5D-47CA-ABE2-E394943A9DA7}.Release|Any CPU.ActiveCfg = Release|Any CPU
		{BB3E3E8D-EA5D-47CA-ABE2-E394943A9DA7}.Release|Any CPU.Build.0 = Release|Any CPU
		{0A7023D5-55EC-4FC2-91C4-FCD46BE687F0}.Debug|Any CPU.ActiveCfg = Debug|Any CPU
		{0A7023D5-55EC-4FC2-91C4-FCD46BE687F0}.Debug|Any CPU.Build.0 = Debug|Any CPU
		{0A7023D5-55EC-4FC2-91C4-FCD46BE687F0}.Release|Any CPU.ActiveCfg = Release|Any CPU
		{0A7023D5-55EC-4FC2-91C4-FCD46BE687F0}.Release|Any CPU.Build.0 = Release|Any CPU
		{A3C0CA3A-5E37-4831-AAC2-681849DA44A0}.Debug|Any CPU.ActiveCfg = Debug|Any CPU
		{A3C0CA3A-5E37-4831-AAC2-681849DA44A0}.Debug|Any CPU.Build.0 = Debug|Any CPU
		{A3C0CA3A-5E37-4831-AAC2-681849DA44A0}.Release|Any CPU.ActiveCfg = Release|Any CPU
		{A3C0CA3A-5E37-4831-AAC2-681849DA44A0}.Release|Any CPU.Build.0 = Release|Any CPU
		{D848759F-73F2-428C-B138-EE945E8E7687}.Debug|Any CPU.ActiveCfg = Debug|Any CPU
		{D848759F-73F2-428C-B138-EE945E8E7687}.Debug|Any CPU.Build.0 = Debug|Any CPU
		{D848759F-73F2-428C-B138-EE945E8E7687}.Release|Any CPU.ActiveCfg = Release|Any CPU
		{D848759F-73F2-428C-B138-EE945E8E7687}.Release|Any CPU.Build.0 = Release|Any CPU
	EndGlobalSection
	GlobalSection(SolutionProperties) = preSolution
		HideSolutionNode = FALSE
	EndGlobalSection
	GlobalSection(NestedProjects) = preSolution
		{264202E3-98BB-484F-B154-F1071C1B7EAA} = {B1085F6C-CABF-4C45-B0B8-C7C804CAFE8D}
		{32D2D026-1C94-493B-A90E-03E44664F4D5} = {8F19D269-5625-4894-93A9-1A100D2F7CFF}
		{DED7FCA9-CBFD-4C71-966F-C8573BE660DB} = {B1085F6C-CABF-4C45-B0B8-C7C804CAFE8D}
		{AAAFC69D-BA5C-4BCB-A7FC-093DC65BDFC5} = {B1085F6C-CABF-4C45-B0B8-C7C804CAFE8D}
		{62D69A6F-9E25-4FDE-94BD-6CEE372A5925} = {8F19D269-5625-4894-93A9-1A100D2F7CFF}
		{BB3E3E8D-EA5D-47CA-ABE2-E394943A9DA7} = {8F19D269-5625-4894-93A9-1A100D2F7CFF}
		{0A7023D5-55EC-4FC2-91C4-FCD46BE687F0} = {8F19D269-5625-4894-93A9-1A100D2F7CFF}
		{A3C0CA3A-5E37-4831-AAC2-681849DA44A0} = {8F19D269-5625-4894-93A9-1A100D2F7CFF}
		{D848759F-73F2-428C-B138-EE945E8E7687} = {B1085F6C-CABF-4C45-B0B8-C7C804CAFE8D}
	EndGlobalSection
	GlobalSection(ExtensibilityGlobals) = postSolution
		SolutionGuid = {D34B2E83-506B-45CB-9135-7BD314CA30C1}
	EndGlobalSection
EndGlobal
